
Microsoft Visual Studio Solution File, Format Version 12.00
# Visual Studio Version 17
VisualStudioVersion = 17.2.32526.322
MinimumVisualStudioVersion = 10.0.40219.1
Project("{2150E333-8FDC-42A3-9474-1A3956D46DE8}") = "Entity", "Entity", "{FE1F3F4C-CEAA-4B78-BA04-362094FAC49F}"
EndProject
Project("{2150E333-8FDC-42A3-9474-1A3956D46DE8}") = "Core", "Core", "{61EA81E8-6289-4843-9A41-8C432CF3A19A}"
EndProject
Project("{9A19103F-16F7-4668-BE54-9A1E7A4F7556}") = "Entity.Core.Data.Abstraction", "Entity\Core\Entity.Core.Data.Abstraction\Entity.Core.Data.Abstraction.csproj", "{434A7230-8F3B-4470-8392-59D759B7E564}"
EndProject
Project("{2150E333-8FDC-42A3-9474-1A3956D46DE8}") = "Data", "Data", "{0F0EEE09-ADF5-4339-8B4D-06204010FB84}"
EndProject
Project("{2150E333-8FDC-42A3-9474-1A3956D46DE8}") = "Presentation", "Presentation", "{8FABA2D2-9799-4AD6-A304-26E5867EB985}"
EndProject
Project("{2150E333-8FDC-42A3-9474-1A3956D46DE8}") = "Models", "Models", "{432D399F-0948-4847-A416-E37509A72E73}"
EndProject
Project("{2150E333-8FDC-42A3-9474-1A3956D46DE8}") = "Providers", "Providers", "{E6F050FE-C205-45A4-8CE3-88A6D1C1EA24}"
EndProject
Project("{9A19103F-16F7-4668-BE54-9A1E7A4F7556}") = "Entity.API", "Entity\Presentation\Entity.API\Entity.API.csproj", "{5258A6DA-AD6D-4904-802B-3C28C28A9D4A}"
EndProject
Project("{9A19103F-16F7-4668-BE54-9A1E7A4F7556}") = "Entity.Data.Fake", "Entity\Data\Providers\Entity.Data.Fake\Entity.Data.Fake.csproj", "{A32F5D71-49CC-4AA5-BB24-14A59E5F155D}"
EndProject
Project("{9A19103F-16F7-4668-BE54-9A1E7A4F7556}") = "Entity.Models", "Entity\Data\Models\Entity.Models\Entity.Models.csproj", "{F0F3C262-5B68-443E-812A-29D5D92E5A04}"
EndProject
Project("{2150E333-8FDC-42A3-9474-1A3956D46DE8}") = "CQRS", "CQRS", "{F77D88E0-7A58-470C-A753-2FF59195A74F}"
EndProject
Project("{9A19103F-16F7-4668-BE54-9A1E7A4F7556}") = "Entity.CQRS", "Entity\CQRS\Entity.CQRS\Entity.CQRS.csproj", "{15A6208D-95AD-4FE7-9D5E-D91EA5403BC9}"
EndProject
Project("{2150E333-8FDC-42A3-9474-1A3956D46DE8}") = "BuildingBlocks", "BuildingBlocks", "{EAD2DB23-CAE1-4D06-B4C8-1F4973525841}"
EndProject
Project("{2150E333-8FDC-42A3-9474-1A3956D46DE8}") = "Core", "Core", "{112FC48A-CCA8-49B0-BC97-9551A3276269}"
EndProject
Project("{2150E333-8FDC-42A3-9474-1A3956D46DE8}") = "Utility", "Utility", "{D011F13A-C406-4949-963B-FDD4E91DDECD}"
EndProject
Project("{2150E333-8FDC-42A3-9474-1A3956D46DE8}") = "Cache", "Cache", "{C6168A05-F22D-4BC4-83B4-F8E07C1FDD0A}"
EndProject
Project("{9A19103F-16F7-4668-BE54-9A1E7A4F7556}") = "BuildingBlock.Utility.Abstraction", "BuildingBlocks\Core\BuildingBlock.Utility.Abstraction\BuildingBlock.Utility.Abstraction.csproj", "{DE2A4B9A-5DB9-450B-B811-49AA23E7A2C1}"
EndProject
Project("{9A19103F-16F7-4668-BE54-9A1E7A4F7556}") = "BuildingBlock.AppLogger", "BuildingBlocks\Utility\BuildingBlock.AppLogger\BuildingBlock.AppLogger.csproj", "{C6DF2789-705D-41BC-8841-268BB4B75FF8}"
EndProject
Project("{9A19103F-16F7-4668-BE54-9A1E7A4F7556}") = "BuildingBlock.DistributedCacheStrategy", "BuildingBlocks\Cache\BuildingBlock.DistributedCacheStrategy\BuildingBlock.DistributedCacheStrategy.csproj", "{3248F6AE-4029-489C-9722-98E990F33FDB}"
EndProject
Project("{9A19103F-16F7-4668-BE54-9A1E7A4F7556}") = "BuildingBlock.Cache.Abstraction", "BuildingBlocks\Core\BuildingBlock.Cache.Abstraction\BuildingBlock.Cache.Abstraction.csproj", "{B2DB3E58-1DBD-4A7A-9AB8-83EB8E277192}"
EndProject
Project("{2150E333-8FDC-42A3-9474-1A3956D46DE8}") = "APIGateway", "APIGateway", "{CF85E7C6-DB77-4838-9361-AA253BABD5FE}"
EndProject
Project("{9A19103F-16F7-4668-BE54-9A1E7A4F7556}") = "APIGateway.OcelotGateway", "APIGateway\APIGateway.OcelotGateway\APIGateway.OcelotGateway.csproj", "{402BD238-DFD6-4FA4-8440-1DF86F27C352}"
EndProject
Project("{2150E333-8FDC-42A3-9474-1A3956D46DE8}") = "Services", "Services", "{6DB4713C-824E-4206-ACD2-95B571C0E041}"
EndProject
Project("{2150E333-8FDC-42A3-9474-1A3956D46DE8}") = "Solution Items", "Solution Items", "{17076CD4-96F0-40D1-A71B-B76518496C22}"
	ProjectSection(SolutionItems) = preProject
		.env = .env
		docker-compose-db.yml = docker-compose-db.yml
		docker-compose-mq.yml = docker-compose-mq.yml
		docker-compose-redis.yml = docker-compose-redis.yml
		docker-compose.yml = docker-compose.yml
		README.md = README.md
	EndProjectSection
EndProject
Project("{9A19103F-16F7-4668-BE54-9A1E7A4F7556}") = "IdentityServer", "Services\IdentityServer\IdentityServer.csproj", "{24EB714C-8A50-4002-9F2C-1EC0C893327F}"
EndProject
Project("{2150E333-8FDC-42A3-9474-1A3956D46DE8}") = "Messaging", "Messaging", "{B0CF6480-F6BB-46EE-86D2-503CB9F40928}"
EndProject
Project("{9A19103F-16F7-4668-BE54-9A1E7A4F7556}") = "BuildingBlock.EventBus", "BuildingBlocks\Messaging\EventBus\BuildingBlock.EventBus.csproj", "{5B2559C9-F897-4BF3-8BAB-72720B86AC45}"
EndProject
Project("{9A19103F-16F7-4668-BE54-9A1E7A4F7556}") = "BuildingBlock.EventBusRabboitMQ", "BuildingBlocks\Messaging\EventBusRabboitMQ\BuildingBlock.EventBusRabboitMQ.csproj", "{42F765EA-1C35-4A8E-8E9E-C39E11D75346}"
EndProject
Project("{9A19103F-16F7-4668-BE54-9A1E7A4F7556}") = "BuildingBlock.Messaging.Abstraction", "BuildingBlocks\Core\BuildingBlock.Messaging.Abstraction\BuildingBlock.Messaging.Abstraction.csproj", "{311B0B2F-B6EC-45AF-8B5A-B92DF08AAEF8}"
EndProject
Project("{9A19103F-16F7-4668-BE54-9A1E7A4F7556}") = "Entity.Data.Provider.SQLServer", "Entity\Data\Providers\Entity.Data.Provider.SQLServer\Entity.Data.Provider.SQLServer.csproj", "{DA8D325E-2CAE-455C-AC88-AAC028BF4A0F}"
EndProject
Global
	GlobalSection(SolutionConfigurationPlatforms) = preSolution
		Debug|Any CPU = Debug|Any CPU
		Release|Any CPU = Release|Any CPU
	EndGlobalSection
	GlobalSection(ProjectConfigurationPlatforms) = postSolution
		{434A7230-8F3B-4470-8392-59D759B7E564}.Debug|Any CPU.ActiveCfg = Debug|Any CPU
		{434A7230-8F3B-4470-8392-59D759B7E564}.Debug|Any CPU.Build.0 = Debug|Any CPU
		{434A7230-8F3B-4470-8392-59D759B7E564}.Release|Any CPU.ActiveCfg = Release|Any CPU
		{434A7230-8F3B-4470-8392-59D759B7E564}.Release|Any CPU.Build.0 = Release|Any CPU
		{5258A6DA-AD6D-4904-802B-3C28C28A9D4A}.Debug|Any CPU.ActiveCfg = Debug|Any CPU
		{5258A6DA-AD6D-4904-802B-3C28C28A9D4A}.Debug|Any CPU.Build.0 = Debug|Any CPU
		{5258A6DA-AD6D-4904-802B-3C28C28A9D4A}.Release|Any CPU.ActiveCfg = Release|Any CPU
		{5258A6DA-AD6D-4904-802B-3C28C28A9D4A}.Release|Any CPU.Build.0 = Release|Any CPU
		{A32F5D71-49CC-4AA5-BB24-14A59E5F155D}.Debug|Any CPU.ActiveCfg = Debug|Any CPU
		{A32F5D71-49CC-4AA5-BB24-14A59E5F155D}.Debug|Any CPU.Build.0 = Debug|Any CPU
		{A32F5D71-49CC-4AA5-BB24-14A59E5F155D}.Release|Any CPU.ActiveCfg = Release|Any CPU
		{A32F5D71-49CC-4AA5-BB24-14A59E5F155D}.Release|Any CPU.Build.0 = Release|Any CPU
		{F0F3C262-5B68-443E-812A-29D5D92E5A04}.Debug|Any CPU.ActiveCfg = Debug|Any CPU
		{F0F3C262-5B68-443E-812A-29D5D92E5A04}.Debug|Any CPU.Build.0 = Debug|Any CPU
		{F0F3C262-5B68-443E-812A-29D5D92E5A04}.Release|Any CPU.ActiveCfg = Release|Any CPU
		{F0F3C262-5B68-443E-812A-29D5D92E5A04}.Release|Any CPU.Build.0 = Release|Any CPU
		{15A6208D-95AD-4FE7-9D5E-D91EA5403BC9}.Debug|Any CPU.ActiveCfg = Debug|Any CPU
		{15A6208D-95AD-4FE7-9D5E-D91EA5403BC9}.Debug|Any CPU.Build.0 = Debug|Any CPU
		{15A6208D-95AD-4FE7-9D5E-D91EA5403BC9}.Release|Any CPU.ActiveCfg = Release|Any CPU
		{15A6208D-95AD-4FE7-9D5E-D91EA5403BC9}.Release|Any CPU.Build.0 = Release|Any CPU
		{DE2A4B9A-5DB9-450B-B811-49AA23E7A2C1}.Debug|Any CPU.ActiveCfg = Debug|Any CPU
		{DE2A4B9A-5DB9-450B-B811-49AA23E7A2C1}.Debug|Any CPU.Build.0 = Debug|Any CPU
		{DE2A4B9A-5DB9-450B-B811-49AA23E7A2C1}.Release|Any CPU.ActiveCfg = Release|Any CPU
		{DE2A4B9A-5DB9-450B-B811-49AA23E7A2C1}.Release|Any CPU.Build.0 = Release|Any CPU
		{C6DF2789-705D-41BC-8841-268BB4B75FF8}.Debug|Any CPU.ActiveCfg = Debug|Any CPU
		{C6DF2789-705D-41BC-8841-268BB4B75FF8}.Debug|Any CPU.Build.0 = Debug|Any CPU
		{C6DF2789-705D-41BC-8841-268BB4B75FF8}.Release|Any CPU.ActiveCfg = Release|Any CPU
		{C6DF2789-705D-41BC-8841-268BB4B75FF8}.Release|Any CPU.Build.0 = Release|Any CPU
		{3248F6AE-4029-489C-9722-98E990F33FDB}.Debug|Any CPU.ActiveCfg = Debug|Any CPU
		{3248F6AE-4029-489C-9722-98E990F33FDB}.Debug|Any CPU.Build.0 = Debug|Any CPU
		{3248F6AE-4029-489C-9722-98E990F33FDB}.Release|Any CPU.ActiveCfg = Release|Any CPU
		{3248F6AE-4029-489C-9722-98E990F33FDB}.Release|Any CPU.Build.0 = Release|Any CPU
		{B2DB3E58-1DBD-4A7A-9AB8-83EB8E277192}.Debug|Any CPU.ActiveCfg = Debug|Any CPU
		{B2DB3E58-1DBD-4A7A-9AB8-83EB8E277192}.Debug|Any CPU.Build.0 = Debug|Any CPU
		{B2DB3E58-1DBD-4A7A-9AB8-83EB8E277192}.Release|Any CPU.ActiveCfg = Release|Any CPU
		{B2DB3E58-1DBD-4A7A-9AB8-83EB8E277192}.Release|Any CPU.Build.0 = Release|Any CPU
		{402BD238-DFD6-4FA4-8440-1DF86F27C352}.Debug|Any CPU.ActiveCfg = Debug|Any CPU
		{402BD238-DFD6-4FA4-8440-1DF86F27C352}.Debug|Any CPU.Build.0 = Debug|Any CPU
		{402BD238-DFD6-4FA4-8440-1DF86F27C352}.Release|Any CPU.ActiveCfg = Release|Any CPU
		{402BD238-DFD6-4FA4-8440-1DF86F27C352}.Release|Any CPU.Build.0 = Release|Any CPU
		{24EB714C-8A50-4002-9F2C-1EC0C893327F}.Debug|Any CPU.ActiveCfg = Debug|Any CPU
		{24EB714C-8A50-4002-9F2C-1EC0C893327F}.Debug|Any CPU.Build.0 = Debug|Any CPU
		{24EB714C-8A50-4002-9F2C-1EC0C893327F}.Release|Any CPU.ActiveCfg = Release|Any CPU
		{24EB714C-8A50-4002-9F2C-1EC0C893327F}.Release|Any CPU.Build.0 = Release|Any CPU
		{5B2559C9-F897-4BF3-8BAB-72720B86AC45}.Debug|Any CPU.ActiveCfg = Debug|Any CPU
		{5B2559C9-F897-4BF3-8BAB-72720B86AC45}.Debug|Any CPU.Build.0 = Debug|Any CPU
		{5B2559C9-F897-4BF3-8BAB-72720B86AC45}.Release|Any CPU.ActiveCfg = Release|Any CPU
		{5B2559C9-F897-4BF3-8BAB-72720B86AC45}.Release|Any CPU.Build.0 = Release|Any CPU
		{42F765EA-1C35-4A8E-8E9E-C39E11D75346}.Debug|Any CPU.ActiveCfg = Debug|Any CPU
		{42F765EA-1C35-4A8E-8E9E-C39E11D75346}.Debug|Any CPU.Build.0 = Debug|Any CPU
		{42F765EA-1C35-4A8E-8E9E-C39E11D75346}.Release|Any CPU.ActiveCfg = Release|Any CPU
		{42F765EA-1C35-4A8E-8E9E-C39E11D75346}.Release|Any CPU.Build.0 = Release|Any CPU
		{311B0B2F-B6EC-45AF-8B5A-B92DF08AAEF8}.Debug|Any CPU.ActiveCfg = Debug|Any CPU
		{311B0B2F-B6EC-45AF-8B5A-B92DF08AAEF8}.Debug|Any CPU.Build.0 = Debug|Any CPU
		{311B0B2F-B6EC-45AF-8B5A-B92DF08AAEF8}.Release|Any CPU.ActiveCfg = Release|Any CPU
		{311B0B2F-B6EC-45AF-8B5A-B92DF08AAEF8}.Release|Any CPU.Build.0 = Release|Any CPU
		{DA8D325E-2CAE-455C-AC88-AAC028BF4A0F}.Debug|Any CPU.ActiveCfg = Debug|Any CPU
		{DA8D325E-2CAE-455C-AC88-AAC028BF4A0F}.Debug|Any CPU.Build.0 = Debug|Any CPU
		{DA8D325E-2CAE-455C-AC88-AAC028BF4A0F}.Release|Any CPU.ActiveCfg = Release|Any CPU
		{DA8D325E-2CAE-455C-AC88-AAC028BF4A0F}.Release|Any CPU.Build.0 = Release|Any CPU
	EndGlobalSection
	GlobalSection(SolutionProperties) = preSolution
		HideSolutionNode = FALSE
	EndGlobalSection
	GlobalSection(NestedProjects) = preSolution
		{61EA81E8-6289-4843-9A41-8C432CF3A19A} = {FE1F3F4C-CEAA-4B78-BA04-362094FAC49F}
		{434A7230-8F3B-4470-8392-59D759B7E564} = {61EA81E8-6289-4843-9A41-8C432CF3A19A}
		{0F0EEE09-ADF5-4339-8B4D-06204010FB84} = {FE1F3F4C-CEAA-4B78-BA04-362094FAC49F}
		{8FABA2D2-9799-4AD6-A304-26E5867EB985} = {FE1F3F4C-CEAA-4B78-BA04-362094FAC49F}
		{432D399F-0948-4847-A416-E37509A72E73} = {0F0EEE09-ADF5-4339-8B4D-06204010FB84}
		{E6F050FE-C205-45A4-8CE3-88A6D1C1EA24} = {0F0EEE09-ADF5-4339-8B4D-06204010FB84}
		{5258A6DA-AD6D-4904-802B-3C28C28A9D4A} = {8FABA2D2-9799-4AD6-A304-26E5867EB985}
		{A32F5D71-49CC-4AA5-BB24-14A59E5F155D} = {E6F050FE-C205-45A4-8CE3-88A6D1C1EA24}
		{F0F3C262-5B68-443E-812A-29D5D92E5A04} = {432D399F-0948-4847-A416-E37509A72E73}
		{F77D88E0-7A58-470C-A753-2FF59195A74F} = {FE1F3F4C-CEAA-4B78-BA04-362094FAC49F}
		{15A6208D-95AD-4FE7-9D5E-D91EA5403BC9} = {F77D88E0-7A58-470C-A753-2FF59195A74F}
		{112FC48A-CCA8-49B0-BC97-9551A3276269} = {EAD2DB23-CAE1-4D06-B4C8-1F4973525841}
		{D011F13A-C406-4949-963B-FDD4E91DDECD} = {EAD2DB23-CAE1-4D06-B4C8-1F4973525841}
		{C6168A05-F22D-4BC4-83B4-F8E07C1FDD0A} = {EAD2DB23-CAE1-4D06-B4C8-1F4973525841}
		{DE2A4B9A-5DB9-450B-B811-49AA23E7A2C1} = {112FC48A-CCA8-49B0-BC97-9551A3276269}
		{C6DF2789-705D-41BC-8841-268BB4B75FF8} = {D011F13A-C406-4949-963B-FDD4E91DDECD}
		{3248F6AE-4029-489C-9722-98E990F33FDB} = {C6168A05-F22D-4BC4-83B4-F8E07C1FDD0A}
		{B2DB3E58-1DBD-4A7A-9AB8-83EB8E277192} = {112FC48A-CCA8-49B0-BC97-9551A3276269}
		{402BD238-DFD6-4FA4-8440-1DF86F27C352} = {CF85E7C6-DB77-4838-9361-AA253BABD5FE}
		{24EB714C-8A50-4002-9F2C-1EC0C893327F} = {6DB4713C-824E-4206-ACD2-95B571C0E041}
		{B0CF6480-F6BB-46EE-86D2-503CB9F40928} = {EAD2DB23-CAE1-4D06-B4C8-1F4973525841}
		{5B2559C9-F897-4BF3-8BAB-72720B86AC45} = {B0CF6480-F6BB-46EE-86D2-503CB9F40928}
		{42F765EA-1C35-4A8E-8E9E-C39E11D75346} = {B0CF6480-F6BB-46EE-86D2-503CB9F40928}
		{311B0B2F-B6EC-45AF-8B5A-B92DF08AAEF8} = {112FC48A-CCA8-49B0-BC97-9551A3276269}
		{DA8D325E-2CAE-455C-AC88-AAC028BF4A0F} = {E6F050FE-C205-45A4-8CE3-88A6D1C1EA24}
	EndGlobalSection
	GlobalSection(ExtensibilityGlobals) = postSolution
		SolutionGuid = {F8C95A12-8851-4B9B-8AEB-C82BE2491468}
	EndGlobalSection
EndGlobal
